# This file was autogenerated by Stack.
# You should not edit this file by hand.
# For more information, please see the documentation at:
#   https://docs.haskellstack.org/en/stable/topics/lock_files

packages:
- completed:
    hackage: hlint-3.10@sha256:d460dd9f3958d03fc880e6e397d07a7c8470f377c702e161bfc68800cb0962a3,4464
    pantry-tree:
      sha256: 3350770da09db2a89692fa5c33c0561ba59b4644d81c63a26ac2b7c8c2b329a9
      size: 6225
  original:
    hackage: hlint-3.10
snapshots:
- completed:
    sha256: a8cfaae441160430cdde558cb80d4f9d60746e7417b275250e4e0af57ee14f36
    size: 728954
    url: https://raw.githubusercontent.com/commercialhaskell/stackage-snapshots/master/lts/24/33.yaml
  original: lts-24.33
